// !$*UTF8*$!
{
	archiveVersion = 1;
	classes = {
	};
	objectVersion = 56;
	objects = {

/* Begin PBXBuildFile section */
		2E418DB429B8BC0300E0439A /* AppDelegate.swift in Sources */ = {isa = PBXBuildFile; fileRef = 2E418DB329B8BC0300E0439A /* AppDelegate.swift */; };
		2E418DB629B8BC0300E0439A /* SceneDelegate.swift in Sources */ = {isa = PBXBuildFile; fileRef = 2E418DB529B8BC0300E0439A /* SceneDelegate.swift */; };
		2E418DBB29B8BC0300E0439A /* Main.storyboard in Resources */ = {isa = PBXBuildFile; fileRef = 2E418DB929B8BC0300E0439A /* Main.storyboard */; };
		2E418DC029B8BC0E00E0439A /* Assets.xcassets in Resources */ = {isa = PBXBuildFile; fileRef = 2E418DBF29B8BC0E00E0439A /* Assets.xcassets */; };
		2E418DC329B8BC0E00E0439A /* LaunchScreen.storyboard in Resources */ = {isa = PBXBuildFile; fileRef = 2E418DC129B8BC0E00E0439A /* LaunchScreen.storyboard */; };
		2E418DD129B8D04600E0439A /* TodoeyTableViewCell.swift in Sources */ = {isa = PBXBuildFile; fileRef = 2E418DD029B8D04600E0439A /* TodoeyTableViewCell.swift */; };
		2E418DD329B8D3C500E0439A /* SectionViewController.swift in Sources */ = {isa = PBXBuildFile; fileRef = 2E418DD229B8D3C500E0439A /* SectionViewController.swift */; };
		2E418DD429B8DB5F00E0439A /* Todoey.xcdatamodeld in Resources */ = {isa = PBXBuildFile; fileRef = 2E418DBC29B8BC0300E0439A /* Todoey.xcdatamodeld */; };
		2E418DDB29B8F09E00E0439A /* ItemManager.swift in Sources */ = {isa = PBXBuildFile; fileRef = 2E418DDA29B8F09E00E0439A /* ItemManager.swift */; };
		2E418DE029B9E47A00E0439A /* TodoeyItem+CoreDataProperties.swift in Sources */ = {isa = PBXBuildFile; fileRef = 2E418DDD29B9E47900E0439A /* TodoeyItem+CoreDataProperties.swift */; };
		2E418DE129B9E47A00E0439A /* TodoeyItem+CoreDataClass.swift in Sources */ = {isa = PBXBuildFile; fileRef = 2E418DDE29B9E47A00E0439A /* TodoeyItem+CoreDataClass.swift */; };
		2E418DE229B9E47A00E0439A /* TodoeySection+CoreDataClass.swift in Sources */ = {isa = PBXBuildFile; fileRef = 2E418DDF29B9E47A00E0439A /* TodoeySection+CoreDataClass.swift */; };
		2E418DE329B9E47A00E0439A /* TodoeySection+CoreDataProperties.swift in Sources */ = {isa = PBXBuildFile; fileRef = 2E418DDC29B9E47900E0439A /* TodoeySection+CoreDataProperties.swift */; };
		2E418DE529B9E5D800E0439A /* ItemViewController.swift in Sources */ = {isa = PBXBuildFile; fileRef = 2E418DE429B9E5D800E0439A /* ItemViewController.swift */; };
		2E418DE729BA075C00E0439A /* SectionManager.swift in Sources */ = {isa = PBXBuildFile; fileRef = 2E418DE629BA075B00E0439A /* SectionManager.swift */; };
		2E6FCB8F29C7405900898103 /* Constants.swift in Sources */ = {isa = PBXBuildFile; fileRef = 2E6FCB8E29C7405900898103 /* Constants.swift */; };
		2E6FCB9129C7417800898103 /* CUViewController.swift in Sources */ = {isa = PBXBuildFile; fileRef = 2E6FCB9029C7417800898103 /* CUViewController.swift */; };
		2E6FCB9329C741B700898103 /* FilterViewController.swift in Sources */ = {isa = PBXBuildFile; fileRef = 2E6FCB9229C741B700898103 /* FilterViewController.swift */; };
		EFF586B0DFDF1BAD988F79DA /* Pods_Todoey.framework in Frameworks */ = {isa = PBXBuildFile; fileRef = 24FB56D9DD0B49031836AFF2 /* Pods_Todoey.framework */; };
/* End PBXBuildFile section */

/* Begin PBXFileReference section */
		14E2F82A3509DD26560A6CD0 /* Pods-Todoey.debug.xcconfig */ = {isa = PBXFileReference; includeInIndex = 1; lastKnownFileType = text.xcconfig; name = "Pods-Todoey.debug.xcconfig"; path = "Target Support Files/Pods-Todoey/Pods-Todoey.debug.xcconfig"; sourceTree = "<group>"; };
		16641EF2B0AC68674FB0D918 /* Pods-Todoey.release.xcconfig */ = {isa = PBXFileReference; includeInIndex = 1; lastKnownFileType = text.xcconfig; name = "Pods-Todoey.release.xcconfig"; path = "Target Support Files/Pods-Todoey/Pods-Todoey.release.xcconfig"; sourceTree = "<group>"; };
		24FB56D9DD0B49031836AFF2 /* Pods_Todoey.framework */ = {isa = PBXFileReference; explicitFileType = wrapper.framework; includeInIndex = 0; path = Pods_Todoey.framework; sourceTree = BUILT_PRODUCTS_DIR; };
		2E418DB029B8BC0300E0439A /* Todoey.app */ = {isa = PBXFileReference; explicitFileType = wrapper.application; includeInIndex = 0; path = Todoey.app; sourceTree = BUILT_PRODUCTS_DIR; };
		2E418DB329B8BC0300E0439A /* AppDelegate.swift */ = {isa = PBXFileReference; lastKnownFileType = sourcecode.swift; path = AppDelegate.swift; sourceTree = "<group>"; };
		2E418DB529B8BC0300E0439A /* SceneDelegate.swift */ = {isa = PBXFileReference; lastKnownFileType = sourcecode.swift; path = SceneDelegate.swift; sourceTree = "<group>"; };
		2E418DBA29B8BC0300E0439A /* Base */ = {isa = PBXFileReference; lastKnownFileType = file.storyboard; name = Base; path = Base.lproj/Main.storyboard; sourceTree = "<group>"; };
		2E418DBD29B8BC0300E0439A /* Todoey.xcdatamodel */ = {isa = PBXFileReference; lastKnownFileType = wrapper.xcdatamodel; path = Todoey.xcdatamodel; sourceTree = "<group>"; };
		2E418DBF29B8BC0E00E0439A /* Assets.xcassets */ = {isa = PBXFileReference; lastKnownFileType = folder.assetcatalog; path = Assets.xcassets; sourceTree = "<group>"; };
		2E418DC229B8BC0E00E0439A /* Base */ = {isa = PBXFileReference; lastKnownFileType = file.storyboard; name = Base; path = Base.lproj/LaunchScreen.storyboard; sourceTree = "<group>"; };
		2E418DC429B8BC0E00E0439A /* Info.plist */ = {isa = PBXFileReference; lastKnownFileType = text.plist.xml; path = Info.plist; sourceTree = "<group>"; };
		2E418DD029B8D04600E0439A /* TodoeyTableViewCell.swift */ = {isa = PBXFileReference; lastKnownFileType = sourcecode.swift; path = TodoeyTableViewCell.swift; sourceTree = "<group>"; };
		2E418DD229B8D3C500E0439A /* SectionViewController.swift */ = {isa = PBXFileReference; lastKnownFileType = sourcecode.swift; path = SectionViewController.swift; sourceTree = "<group>"; };
		2E418DDA29B8F09E00E0439A /* ItemManager.swift */ = {isa = PBXFileReference; lastKnownFileType = sourcecode.swift; path = ItemManager.swift; sourceTree = "<group>"; };
		2E418DDC29B9E47900E0439A /* TodoeySection+CoreDataProperties.swift */ = {isa = PBXFileReference; lastKnownFileType = sourcecode.swift; name = "TodoeySection+CoreDataProperties.swift"; path = "/Users/karnelius/Desktop/IOS_Element/Todoey/Todoey/Modules/TodoeySection+CoreDataProperties.swift"; sourceTree = "<absolute>"; };
		2E418DDD29B9E47900E0439A /* TodoeyItem+CoreDataProperties.swift */ = {isa = PBXFileReference; lastKnownFileType = sourcecode.swift; name = "TodoeyItem+CoreDataProperties.swift"; path = "/Users/karnelius/Desktop/IOS_Element/Todoey/Todoey/Modules/TodoeyItem+CoreDataProperties.swift"; sourceTree = "<absolute>"; };
		2E418DDE29B9E47A00E0439A /* TodoeyItem+CoreDataClass.swift */ = {isa = PBXFileReference; lastKnownFileType = sourcecode.swift; name = "TodoeyItem+CoreDataClass.swift"; path = "/Users/karnelius/Desktop/IOS_Element/Todoey/Todoey/Modules/TodoeyItem+CoreDataClass.swift"; sourceTree = "<absolute>"; };
		2E418DDF29B9E47A00E0439A /* TodoeySection+CoreDataClass.swift */ = {isa = PBXFileReference; lastKnownFileType = sourcecode.swift; name = "TodoeySection+CoreDataClass.swift"; path = "/Users/karnelius/Desktop/IOS_Element/Todoey/Todoey/Modules/TodoeySection+CoreDataClass.swift"; sourceTree = "<absolute>"; };
		2E418DE429B9E5D800E0439A /* ItemViewController.swift */ = {isa = PBXFileReference; lastKnownFileType = sourcecode.swift; path = ItemViewController.swift; sourceTree = "<group>"; };
		2E418DE629BA075B00E0439A /* SectionManager.swift */ = {isa = PBXFileReference; lastKnownFileType = sourcecode.swift; path = SectionManager.swift; sourceTree = "<group>"; };
		2E6FCB8E29C7405900898103 /* Constants.swift */ = {isa = PBXFileReference; lastKnownFileType = sourcecode.swift; path = Constants.swift; sourceTree = "<group>"; };
		2E6FCB9029C7417800898103 /* CUViewController.swift */ = {isa = PBXFileReference; lastKnownFileType = sourcecode.swift; path = CUViewController.swift; sourceTree = "<group>"; };
		2E6FCB9229C741B700898103 /* FilterViewController.swift */ = {isa = PBXFileReference; lastKnownFileType = sourcecode.swift; path = FilterViewController.swift; sourceTree = "<group>"; };
/* End PBXFileReference section */

/* Begin PBXFrameworksBuildPhase section */
		2E418DAD29B8BC0300E0439A /* Frameworks */ = {
			isa = PBXFrameworksBuildPhase;
			buildActionMask = 2147483647;
			files = (
				EFF586B0DFDF1BAD988F79DA /* Pods_Todoey.framework in Frameworks */,
			);
			runOnlyForDeploymentPostprocessing = 0;
		};
/* End PBXFrameworksBuildPhase section */

/* Begin PBXGroup section */
		2E418DA729B8BC0300E0439A = {
			isa = PBXGroup;
			children = (
				2E418DB229B8BC0300E0439A /* Todoey */,
				2E418DB129B8BC0300E0439A /* Products */,
				7C21ED970988EE08B4F28F7F /* Pods */,
				D756427A5785504FDC178951 /* Frameworks */,
			);
			sourceTree = "<group>";
		};
		2E418DB129B8BC0300E0439A /* Products */ = {
			isa = PBXGroup;
			children = (
				2E418DB029B8BC0300E0439A /* Todoey.app */,
			);
			name = Products;
			sourceTree = "<group>";
		};
		2E418DB229B8BC0300E0439A /* Todoey */ = {
			isa = PBXGroup;
			children = (
				2E418DD529B8E4A100E0439A /* Modules */,
				2E418DCF29B8D00D00E0439A /* Views */,
				2E418DCE29B8C07700E0439A /* ViewControllers */,
				2E418DB329B8BC0300E0439A /* AppDelegate.swift */,
				2E418DB529B8BC0300E0439A /* SceneDelegate.swift */,
				2E418DB929B8BC0300E0439A /* Main.storyboard */,
				2E418DBF29B8BC0E00E0439A /* Assets.xcassets */,
				2E6FCB8E29C7405900898103 /* Constants.swift */,
				2E418DC129B8BC0E00E0439A /* LaunchScreen.storyboard */,
				2E418DC429B8BC0E00E0439A /* Info.plist */,
				2E418DBC29B8BC0300E0439A /* Todoey.xcdatamodeld */,
			);
			path = Todoey;
			sourceTree = "<group>";
		};
		2E418DCE29B8C07700E0439A /* ViewControllers */ = {
			isa = PBXGroup;
			children = (
				2E418DD229B8D3C500E0439A /* SectionViewController.swift */,
				2E418DE429B9E5D800E0439A /* ItemViewController.swift */,
				2E6FCB9029C7417800898103 /* CUViewController.swift */,
				2E6FCB9229C741B700898103 /* FilterViewController.swift */,
			);
			path = ViewControllers;
			sourceTree = "<group>";
		};
		2E418DCF29B8D00D00E0439A /* Views */ = {
			isa = PBXGroup;
			children = (
				2E418DD029B8D04600E0439A /* TodoeyTableViewCell.swift */,
			);
			path = Views;
			sourceTree = "<group>";
		};
		2E418DD529B8E4A100E0439A /* Modules */ = {
			isa = PBXGroup;
			children = (
				2E418DE629BA075B00E0439A /* SectionManager.swift */,
				2E418DDA29B8F09E00E0439A /* ItemManager.swift */,
				2E418DDE29B9E47A00E0439A /* TodoeyItem+CoreDataClass.swift */,
				2E418DDD29B9E47900E0439A /* TodoeyItem+CoreDataProperties.swift */,
				2E418DDF29B9E47A00E0439A /* TodoeySection+CoreDataClass.swift */,
				2E418DDC29B9E47900E0439A /* TodoeySection+CoreDataProperties.swift */,
			);
			path = Modules;
			sourceTree = "<group>";
		};
		7C21ED970988EE08B4F28F7F /* Pods */ = {
			isa = PBXGroup;
			children = (
				14E2F82A3509DD26560A6CD0 /* Pods-Todoey.debug.xcconfig */,
				16641EF2B0AC68674FB0D918 /* Pods-Todoey.release.xcconfig */,
			);
			path = Pods;
			sourceTree = "<group>";
		};
		D756427A5785504FDC178951 /* Frameworks */ = {
			isa = PBXGroup;
			children = (
				24FB56D9DD0B49031836AFF2 /* Pods_Todoey.framework */,
			);
			name = Frameworks;
			sourceTree = "<group>";
		};
/* End PBXGroup section */

/* Begin PBXNativeTarget section */
		2E418DAF29B8BC0300E0439A /* Todoey */ = {
			isa = PBXNativeTarget;
			buildConfigurationList = 2E418DC729B8BC0E00E0439A /* Build configuration list for PBXNativeTarget "Todoey" */;
			buildPhases = (
				435F3992B030DE68C9F0CCF2 /* [CP] Check Pods Manifest.lock */,
				2E418DAC29B8BC0300E0439A /* Sources */,
				2E418DAD29B8BC0300E0439A /* Frameworks */,
				2E418DAE29B8BC0300E0439A /* Resources */,
				823DA2E33A2C0B9C3BE27763 /* [CP] Embed Pods Frameworks */,
			);
			buildRules = (
			);
			dependencies = (
			);
			name = Todoey;
			productName = Todoey;
			productReference = 2E418DB029B8BC0300E0439A /* Todoey.app */;
			productType = "com.apple.product-type.application";
		};
/* End PBXNativeTarget section */

/* Begin PBXProject section */
		2E418DA829B8BC0300E0439A /* Project object */ = {
			isa = PBXProject;
			attributes = {
				BuildIndependentTargetsInParallel = 1;
				LastSwiftUpdateCheck = 1410;
				LastUpgradeCheck = 1410;
				TargetAttributes = {
					2E418DAF29B8BC0300E0439A = {
						CreatedOnToolsVersion = 14.1;
					};
				};
			};
			buildConfigurationList = 2E418DAB29B8BC0300E0439A /* Build configuration list for PBXProject "Todoey" */;
			compatibilityVersion = "Xcode 14.0";
			developmentRegion = en;
			hasScannedForEncodings = 0;
			knownRegions = (
				en,
				Base,
			);
			mainGroup = 2E418DA729B8BC0300E0439A;
			productRefGroup = 2E418DB129B8BC0300E0439A /* Products */;
			projectDirPath = "";
			projectRoot = "";
			targets = (
				2E418DAF29B8BC0300E0439A /* Todoey */,
			);
		};
/* End PBXProject section */

/* Begin PBXResourcesBuildPhase section */
		2E418DAE29B8BC0300E0439A /* Resources */ = {
			isa = PBXResourcesBuildPhase;
			buildActionMask = 2147483647;
			files = (
				2E418DD429B8DB5F00E0439A /* Todoey.xcdatamodeld in Resources */,
				2E418DC329B8BC0E00E0439A /* LaunchScreen.storyboard in Resources */,
				2E418DC029B8BC0E00E0439A /* Assets.xcassets in Resources */,
				2E418DBB29B8BC0300E0439A /* Main.storyboard in Resources */,
			);
			runOnlyForDeploymentPostprocessing = 0;
		};
/* End PBXResourcesBuildPhase section */

/* Begin PBXShellScriptBuildPhase section */
		435F3992B030DE68C9F0CCF2 /* [CP] Check Pods Manifest.lock */ = {
			isa = PBXShellScriptBuildPhase;
			buildActionMask = 2147483647;
			files = (
			);
			inputFileListPaths = (
			);
			inputPaths = (
				"${PODS_PODFILE_DIR_PATH}/Podfile.lock",
				"${PODS_ROOT}/Manifest.lock",
			);
			name = "[CP] Check Pods Manifest.lock";
			outputFileListPaths = (
			);
			outputPaths = (
				"$(DERIVED_FILE_DIR)/Pods-Todoey-checkManifestLockResult.txt",
			);
			runOnlyForDeploymentPostprocessing = 0;
			shellPath = /bin/sh;
			shellScript = "diff \"${PODS_PODFILE_DIR_PATH}/Podfile.lock\" \"${PODS_ROOT}/Manifest.lock\" > /dev/null\nif [ $? != 0 ] ; then\n    # print error to STDERR\n    echo \"error: The sandbox is not in sync with the Podfile.lock. Run 'pod install' or update your CocoaPods installation.\" >&2\n    exit 1\nfi\n# This output is used by Xcode 'outputs' to avoid re-running this script phase.\necho \"SUCCESS\" > \"${SCRIPT_OUTPUT_FILE_0}\"\n";
			showEnvVarsInLog = 0;
		};
		823DA2E33A2C0B9C3BE27763 /* [CP] Embed Pods Frameworks */ = {
			isa = PBXShellScriptBuildPhase;
			buildActionMask = 2147483647;
			files = (
			);
			inputFileListPaths = (
				"${PODS_ROOT}/Target Support Files/Pods-Todoey/Pods-Todoey-frameworks-${CONFIGURATION}-input-files.xcfilelist",
			);
			name = "[CP] Embed Pods Frameworks";
			outputFileListPaths = (
				"${PODS_ROOT}/Target Support Files/Pods-Todoey/Pods-Todoey-frameworks-${CONFIGURATION}-output-files.xcfilelist",
			);
			runOnlyForDeploymentPostprocessing = 0;
			shellPath = /bin/sh;
			shellScript = "\"${PODS_ROOT}/Target Support Files/Pods-Todoey/Pods-Todoey-frameworks.sh\"\n";
			showEnvVarsInLog = 0;
		};
/* End PBXShellScriptBuildPhase section */

/* Begin PBXSourcesBuildPhase section */
		2E418DAC29B8BC0300E0439A /* Sources */ = {
			isa = PBXSourcesBuildPhase;
			buildActionMask = 2147483647;
			files = (
				2E6FCB9329C741B700898103 /* FilterViewController.swift in Sources */,
				2E418DE129B9E47A00E0439A /* TodoeyItem+CoreDataClass.swift in Sources */,
				2E418DE529B9E5D800E0439A /* ItemViewController.swift in Sources */,
				2E6FCB9129C7417800898103 /* CUViewController.swift in Sources */,
				2E418DE029B9E47A00E0439A /* TodoeyItem+CoreDataProperties.swift in Sources */,
				2E418DE329B9E47A00E0439A /* TodoeySection+CoreDataProperties.swift in Sources */,
				2E418DDB29B8F09E00E0439A /* ItemManager.swift in Sources */,
				2E418DE229B9E47A00E0439A /* TodoeySection+CoreDataClass.swift in Sources */,
				2E418DB429B8BC0300E0439A /* AppDelegate.swift in Sources */,
				2E418DE729BA075C00E0439A /* SectionManager.swift in Sources */,
				2E418DB629B8BC0300E0439A /* SceneDelegate.swift in Sources */,
				2E418DD129B8D04600E0439A /* TodoeyTableViewCell.swift in Sources */,
				2E418DD329B8D3C500E0439A /* SectionViewController.swift in Sources */,
				2E6FCB8F29C7405900898103 /* Constants.swift in Sources */,
			);
			runOnlyForDeploymentPostprocessing = 0;
		};
/* End PBXSourcesBuildPhase section */

/* Begin PBXVariantGroup section */
		2E418DB929B8BC0300E0439A /* Main.storyboard */ = {
			isa = PBXVariantGroup;
			children = (
				2E418DBA29B8BC0300E0439A /* Base */,
			);
			name = Main.storyboard;
			sourceTree = "<group>";
		};
		2E418DC129B8BC0E00E0439A /* LaunchScreen.storyboard */ = {
			isa = PBXVariantGroup;
			children = (
				2E418DC229B8BC0E00E0439A /* Base */,
			);
			name = LaunchScreen.storyboard;
			sourceTree = "<group>";
		};
/* End PBXVariantGroup section */

/* Begin XCBuildConfiguration section */
		2E418DC529B8BC0E00E0439A /* Debug */ = {
			isa = XCBuildConfiguration;
			buildSettings = {
				ALWAYS_SEARCH_USER_PATHS = NO;
				CLANG_ANALYZER_NONNULL = YES;
				CLANG_ANALYZER_NUMBER_OBJECT_CONVERSION = YES_AGGRESSIVE;
				CLANG_CXX_LANGUAGE_STANDARD = "gnu++20";
				CLANG_ENABLE_MODULES = YES;
				CLANG_ENABLE_OBJC_ARC = YES;
				CLANG_ENABLE_OBJC_WEAK = YES;
				CLANG_WARN_BLOCK_CAPTURE_AUTORELEASING = YES;
				CLANG_WARN_BOOL_CONVERSION = YES;
				CLANG_WARN_COMMA = YES;
				CLANG_WARN_CONSTANT_CONVERSION = YES;
				CLANG_WARN_DEPRECATED_OBJC_IMPLEMENTATIONS = YES;
				CLANG_WARN_DIRECT_OBJC_ISA_USAGE = YES_ERROR;
				CLANG_WARN_DOCUMENTATION_COMMENTS = YES;
				CLANG_WARN_EMPTY_BODY = YES;
				CLANG_WARN_ENUM_CONVERSION = YES;
				CLANG_WARN_INFINITE_RECURSION = YES;
				CLANG_WARN_INT_CONVERSION = YES;
				CLANG_WARN_NON_LITERAL_NULL_CONVERSION = YES;
				CLANG_WARN_OBJC_IMPLICIT_RETAIN_SELF = YES;
				CLANG_WARN_OBJC_LITERAL_CONVERSION = YES;
				CLANG_WARN_OBJC_ROOT_CLASS = YES_ERROR;
				CLANG_WARN_QUOTED_INCLUDE_IN_FRAMEWORK_HEADER = YES;
				CLANG_WARN_RANGE_LOOP_ANALYSIS = YES;
				CLANG_WARN_STRICT_PROTOTYPES = YES;
				CLANG_WARN_SUSPICIOUS_MOVE = YES;
				CLANG_WARN_UNGUARDED_AVAILABILITY = YES_AGGRESSIVE;
				CLANG_WARN_UNREACHABLE_CODE = YES;
				CLANG_WARN__DUPLICATE_METHOD_MATCH = YES;
				COPY_PHASE_STRIP = NO;
				DEBUG_INFORMATION_FORMAT = dwarf;
				ENABLE_STRICT_OBJC_MSGSEND = YES;
				ENABLE_TESTABILITY = YES;
				GCC_C_LANGUAGE_STANDARD = gnu11;
				GCC_DYNAMIC_NO_PIC = NO;
				GCC_NO_COMMON_BLOCKS = YES;
				GCC_OPTIMIZATION_LEVEL = 0;
				GCC_PREPROCESSOR_DEFINITIONS = (
					"DEBUG=1",
					"$(inherited)",
				);
				GCC_WARN_64_TO_32_BIT_CONVERSION = YES;
				GCC_WARN_ABOUT_RETURN_TYPE = YES_ERROR;
				GCC_WARN_UNDECLARED_SELECTOR = YES;
				GCC_WARN_UNINITIALIZED_AUTOS = YES_AGGRESSIVE;
				GCC_WARN_UNUSED_FUNCTION = YES;
				GCC_WARN_UNUSED_VARIABLE = YES;
				IPHONEOS_DEPLOYMENT_TARGET = 16.1;
				MTL_ENABLE_DEBUG_INFO = INCLUDE_SOURCE;
				MTL_FAST_MATH = YES;
				ONLY_ACTIVE_ARCH = YES;
				SDKROOT = iphoneos;
				SWIFT_ACTIVE_COMPILATION_CONDITIONS = DEBUG;
				SWIFT_OPTIMIZATION_LEVEL = "-Onone";
			};
			name = Debug;
		};
		2E418DC629B8BC0E00E0439A /* Release */ = {
			isa = XCBuildConfiguration;
			buildSettings = {
				ALWAYS_SEARCH_USER_PATHS = NO;
				CLANG_ANALYZER_NONNULL = YES;
				CLANG_ANALYZER_NUMBER_OBJECT_CONVERSION = YES_AGGRESSIVE;
				CLANG_CXX_LANGUAGE_STANDARD = "gnu++20";
				CLANG_ENABLE_MODULES = YES;
				CLANG_ENABLE_OBJC_ARC = YES;
				CLANG_ENABLE_OBJC_WEAK = YES;
				CLANG_WARN_BLOCK_CAPTURE_AUTORELEASING = YES;
				CLANG_WARN_BOOL_CONVERSION = YES;
				CLANG_WARN_COMMA = YES;
				CLANG_WARN_CONSTANT_CONVERSION = YES;
				CLANG_WARN_DEPRECATED_OBJC_IMPLEMENTATIONS = YES;
				CLANG_WARN_DIRECT_OBJC_ISA_USAGE = YES_ERROR;
				CLANG_WARN_DOCUMENTATION_COMMENTS = YES;
				CLANG_WARN_EMPTY_BODY = YES;
				CLANG_WARN_ENUM_CONVERSION = YES;
				CLANG_WARN_INFINITE_RECURSION = YES;
				CLANG_WARN_INT_CONVERSION = YES;
				CLANG_WARN_NON_LITERAL_NULL_CONVERSION = YES;
				CLANG_WARN_OBJC_IMPLICIT_RETAIN_SELF = YES;
				CLANG_WARN_OBJC_LITERAL_CONVERSION = YES;
				CLANG_WARN_OBJC_ROOT_CLASS = YES_ERROR;
				CLANG_WARN_QUOTED_INCLUDE_IN_FRAMEWORK_HEADER = YES;
				CLANG_WARN_RANGE_LOOP_ANALYSIS = YES;
				CLANG_WARN_STRICT_PROTOTYPES = YES;
				CLANG_WARN_SUSPICIOUS_MOVE = YES;
				CLANG_WARN_UNGUARDED_AVAILABILITY = YES_AGGRESSIVE;
				CLANG_WARN_UNREACHABLE_CODE = YES;
				CLANG_WARN__DUPLICATE_METHOD_MATCH = YES;
				COPY_PHASE_STRIP = NO;
				DEBUG_INFORMATION_FORMAT = "dwarf-with-dsym";
				ENABLE_NS_ASSERTIONS = NO;
				ENABLE_STRICT_OBJC_MSGSEND = YES;
				GCC_C_LANGUAGE_STANDARD = gnu11;
				GCC_NO_COMMON_BLOCKS = YES;
				GCC_WARN_64_TO_32_BIT_CONVERSION = YES;
				GCC_WARN_ABOUT_RETURN_TYPE = YES_ERROR;
				GCC_WARN_UNDECLARED_SELECTOR = YES;
				GCC_WARN_UNINITIALIZED_AUTOS = YES_AGGRESSIVE;
				GCC_WARN_UNUSED_FUNCTION = YES;
				GCC_WARN_UNUSED_VARIABLE = YES;
				IPHONEOS_DEPLOYMENT_TARGET = 16.1;
				MTL_ENABLE_DEBUG_INFO = NO;
				MTL_FAST_MATH = YES;
				SDKROOT = iphoneos;
				SWIFT_COMPILATION_MODE = wholemodule;
				SWIFT_OPTIMIZATION_LEVEL = "-O";
				VALIDATE_PRODUCT = YES;
			};
			name = Release;
		};
		2E418DC829B8BC0E00E0439A /* Debug */ = {
			isa = XCBuildConfiguration;
			baseConfigurationReference = 14E2F82A3509DD26560A6CD0 /* Pods-Todoey.debug.xcconfig */;
			buildSettings = {
				ASSETCATALOG_COMPILER_APPICON_NAME = AppIcon;
				ASSETCATALOG_COMPILER_GLOBAL_ACCENT_COLOR_NAME = AccentColor;
				CODE_SIGN_STYLE = Automatic;
				CURRENT_PROJECT_VERSION = 1;
				GENERATE_INFOPLIST_FILE = YES;
				INFOPLIST_FILE = Todoey/Info.plist;
				INFOPLIST_KEY_UIApplicationSupportsIndirectInputEvents = YES;
				INFOPLIST_KEY_UILaunchStoryboardName = LaunchScreen;
				INFOPLIST_KEY_UIMainStoryboardFile = Main;
				INFOPLIST_KEY_UISupportedInterfaceOrientations_iPad = "UIInterfaceOrientationPortrait UIInterfaceOrientationPortraitUpsideDown UIInterfaceOrientationLandscapeLeft UIInterfaceOrientationLandscapeRight";
				INFOPLIST_KEY_UISupportedInterfaceOrientations_iPhone = "UIInterfaceOrientationPortrait UIInterfaceOrientationLandscapeLeft UIInterfaceOrientationLandscapeRight";
				LD_RUNPATH_SEARCH_PATHS = (
					"$(inherited)",
					"@executable_path/Frameworks",
				);
				MARKETING_VERSION = 1.0;
				PRODUCT_BUNDLE_IDENTIFIER = com.karnelius.Todoey;
				PRODUCT_NAME = "$(TARGET_NAME)";
				SWIFT_EMIT_LOC_STRINGS = YES;
				SWIFT_VERSION = 5.0;
				TARGETED_DEVICE_FAMILY = "1,2";
			};
			name = Debug;
		};
		2E418DC929B8BC0E00E0439A /* Release */ = {
			isa = XCBuildConfiguration;
			baseConfigurationReference = 16641EF2B0AC68674FB0D918 /* Pods-Todoey.release.xcconfig */;
			buildSettings = {
				ASSETCATALOG_COMPILER_APPICON_NAME = AppIcon;
				ASSETCATALOG_COMPILER_GLOBAL_ACCENT_COLOR_NAME = AccentColor;
				CODE_SIGN_STYLE = Automatic;
				CURRENT_PROJECT_VERSION = 1;
				GENERATE_INFOPLIST_FILE = YES;
				INFOPLIST_FILE = Todoey/Info.plist;
				INFOPLIST_KEY_UIApplicationSupportsIndirectInputEvents = YES;
				INFOPLIST_KEY_UILaunchStoryboardName = LaunchScreen;
				INFOPLIST_KEY_UIMainStoryboardFile = Main;
				INFOPLIST_KEY_UISupportedInterfaceOrientations_iPad = "UIInterfaceOrientationPortrait UIInterfaceOrientationPortraitUpsideDown UIInterfaceOrientationLandscapeLeft UIInterfaceOrientationLandscapeRight";
				INFOPLIST_KEY_UISupportedInterfaceOrientations_iPhone = "UIInterfaceOrientationPortrait UIInterfaceOrientationLandscapeLeft UIInterfaceOrientationLandscapeRight";
				LD_RUNPATH_SEARCH_PATHS = (
					"$(inherited)",
					"@executable_path/Frameworks",
				);
				MARKETING_VERSION = 1.0;
				PRODUCT_BUNDLE_IDENTIFIER = com.karnelius.Todoey;
				PRODUCT_NAME = "$(TARGET_NAME)";
				SWIFT_EMIT_LOC_STRINGS = YES;
				SWIFT_VERSION = 5.0;
				TARGETED_DEVICE_FAMILY = "1,2";
			};
			name = Release;
		};
/* End XCBuildConfiguration section */

/* Begin XCConfigurationList section */
		2E418DAB29B8BC0300E0439A /* Build configuration list for PBXProject "Todoey" */ = {
			isa = XCConfigurationList;
			buildConfigurations = (
				2E418DC529B8BC0E00E0439A /* Debug */,
				2E418DC629B8BC0E00E0439A /* Release */,
			);
			defaultConfigurationIsVisible = 0;
			defaultConfigurationName = Release;
		};
		2E418DC729B8BC0E00E0439A /* Build configuration list for PBXNativeTarget "Todoey" */ = {
			isa = XCConfigurationList;
			buildConfigurations = (
				2E418DC829B8BC0E00E0439A /* Debug */,
				2E418DC929B8BC0E00E0439A /* Release */,
			);
			defaultConfigurationIsVisible = 0;
			defaultConfigurationName = Release;
		};
/* End XCConfigurationList section */

/* Begin XCVersionGroup section */
		2E418DBC29B8BC0300E0439A /* Todoey.xcdatamodeld */ = {
			isa = XCVersionGroup;
			children = (
				2E418DBD29B8BC0300E0439A /* Todoey.xcdatamodel */,
			);
			currentVersion = 2E418DBD29B8BC0300E0439A /* Todoey.xcdatamodel */;
			path = Todoey.xcdatamodeld;
			sourceTree = "<group>";
			versionGroupType = wrapper.xcdatamodel;
		};
/* End XCVersionGroup section */
	};
	rootObject = 2E418DA829B8BC0300E0439A /* Project object */;
}
